
Microsoft Visual Studio Solution File, Format Version 12.00
# Visual Studio 15
VisualStudioVersion = 15.0.28307.1022
MinimumVisualStudioVersion = 10.0.40219.1
Project("{8BC9CEB8-8B4A-11D0-8D11-00A0C91BC942}") = "Game_laptop_v2", "Game_laptop_v2\Game_laptop_v2.vcxproj", "{90719195-28FC-40CD-90CD-A45BA880AC08}"
EndProject
Global
	GlobalSection(SolutionConfigurationPlatforms) = preSolution
		Debug|x64 = Debug|x64
		Debug|x86 = Debug|x86
		Release|x64 = Release|x64
		Release|x86 = Release|x86
	EndGlobalSection
	GlobalSection(ProjectConfigurationPlatforms) = postSolution
		{90719195-28FC-40CD-90CD-A45BA880AC08}.Debug|x64.ActiveCfg = Debug|x64
		{90719195-28FC-40CD-90CD-A45BA880AC08}.Debug|x64.Build.0 = Debug|x64
		{90719195-28FC-40CD-90CD-A45BA880AC08}.Debug|x86.ActiveCfg = Debug|Win32
		{90719195-28FC-40CD-90CD-A45BA880AC08}.Debug|x86.Build.0 = Debug|Win32
		{90719195-28FC-40CD-90CD-A45BA880AC08}.Release|x64.ActiveCfg = Release|x64
		{90719195-28FC-40CD-90CD-A45BA880AC08}.Release|x64.Build.0 = Release|x64
		{90719195-28FC-40CD-90CD-A45BA880AC08}.Release|x86.ActiveCfg = Release|Win32
		{90719195-28FC-40CD-90CD-A45BA880AC08}.Release|x86.Build.0 = Release|Win32
	EndGlobalSection
	GlobalSection(SolutionProperties) = preSolution
		HideSolutionNode = FALSE
	EndGlobalSection
	GlobalSection(ExtensibilityGlobals) = postSolution
		SolutionGuid = {8180A59A-78A3-418E-A4E8-65E6788B6182}
	EndGlobalSection
EndGlobal
